// !$*UTF8*$!
{
	archiveVersion = 1;
	classes = {
	};
	objectVersion = 56;
	objects = {

/* Begin PBXBuildFile section */
		4852E3372C0912050031B87D /* TestSwiftUIApp.swift in Sources */ = {isa = PBXBuildFile; fileRef = 4852E3362C0912050031B87D /* TestSwiftUIApp.swift */; };
		4852E3392C0912050031B87D /* SearchBarView.swift in Sources */ = {isa = PBXBuildFile; fileRef = 4852E3382C0912050031B87D /* SearchBarView.swift */; };
		4852E33B2C0912070031B87D /* Assets.xcassets in Resources */ = {isa = PBXBuildFile; fileRef = 4852E33A2C0912070031B87D /* Assets.xcassets */; };
		4852E33E2C0912070031B87D /* Preview Assets.xcassets in Resources */ = {isa = PBXBuildFile; fileRef = 4852E33D2C0912070031B87D /* Preview Assets.xcassets */; };
		4852E3452C0912A60031B87D /* Model.swift in Sources */ = {isa = PBXBuildFile; fileRef = 4852E3442C0912A60031B87D /* Model.swift */; };
		4852E3482C091C710031B87D /* TodoRowView.swift in Sources */ = {isa = PBXBuildFile; fileRef = 4852E3472C091C710031B87D /* TodoRowView.swift */; };
		4852E34C2C091CC20031B87D /* TodoListView.swift in Sources */ = {isa = PBXBuildFile; fileRef = 4852E34B2C091CC20031B87D /* TodoListView.swift */; };
		4852E34E2C091CC90031B87D /* TodoListViewModel.swift in Sources */ = {isa = PBXBuildFile; fileRef = 4852E34D2C091CC90031B87D /* TodoListViewModel.swift */; };
		4852E3512C091D110031B87D /* AddItemView.swift in Sources */ = {isa = PBXBuildFile; fileRef = 4852E3502C091D110031B87D /* AddItemView.swift */; };
		4852E3532C091D160031B87D /* AddItemViewModel.swift in Sources */ = {isa = PBXBuildFile; fileRef = 4852E3522C091D160031B87D /* AddItemViewModel.swift */; };
/* End PBXBuildFile section */

/* Begin PBXFileReference section */
		4852E3332C0912050031B87D /* TestSwiftui.app */ = {isa = PBXFileReference; explicitFileType = wrapper.application; includeInIndex = 0; path = TestSwiftui.app; sourceTree = BUILT_PRODUCTS_DIR; };
		4852E3362C0912050031B87D /* TestSwiftUIApp.swift */ = {isa = PBXFileReference; lastKnownFileType = sourcecode.swift; path = TestSwiftUIApp.swift; sourceTree = "<group>"; };
		4852E3382C0912050031B87D /* SearchBarView.swift */ = {isa = PBXFileReference; lastKnownFileType = sourcecode.swift; path = SearchBarView.swift; sourceTree = "<group>"; };
		4852E33A2C0912070031B87D /* Assets.xcassets */ = {isa = PBXFileReference; lastKnownFileType = folder.assetcatalog; path = Assets.xcassets; sourceTree = "<group>"; };
		4852E33D2C0912070031B87D /* Preview Assets.xcassets */ = {isa = PBXFileReference; lastKnownFileType = folder.assetcatalog; path = "Preview Assets.xcassets"; sourceTree = "<group>"; };
		4852E3442C0912A60031B87D /* Model.swift */ = {isa = PBXFileReference; lastKnownFileType = sourcecode.swift; path = Model.swift; sourceTree = "<group>"; };
		4852E3472C091C710031B87D /* TodoRowView.swift */ = {isa = PBXFileReference; lastKnownFileType = sourcecode.swift; path = TodoRowView.swift; sourceTree = "<group>"; };
		4852E34B2C091CC20031B87D /* TodoListView.swift */ = {isa = PBXFileReference; lastKnownFileType = sourcecode.swift; path = TodoListView.swift; sourceTree = "<group>"; };
		4852E34D2C091CC90031B87D /* TodoListViewModel.swift */ = {isa = PBXFileReference; lastKnownFileType = sourcecode.swift; path = TodoListViewModel.swift; sourceTree = "<group>"; };
		4852E3502C091D110031B87D /* AddItemView.swift */ = {isa = PBXFileReference; lastKnownFileType = sourcecode.swift; path = AddItemView.swift; sourceTree = "<group>"; };
		4852E3522C091D160031B87D /* AddItemViewModel.swift */ = {isa = PBXFileReference; lastKnownFileType = sourcecode.swift; path = AddItemViewModel.swift; sourceTree = "<group>"; };
/* End PBXFileReference section */

/* Begin PBXFrameworksBuildPhase section */
		4852E3302C0912050031B87D /* Frameworks */ = {
			isa = PBXFrameworksBuildPhase;
			buildActionMask = 2147483647;
			files = (
			);
			runOnlyForDeploymentPostprocessing = 0;
		};
/* End PBXFrameworksBuildPhase section */

/* Begin PBXGroup section */
		4852E32A2C0912050031B87D = {
			isa = PBXGroup;
			children = (
				4852E3352C0912050031B87D /* TestSwiftui */,
				4852E3342C0912050031B87D /* Products */,
			);
			sourceTree = "<group>";
		};
		4852E3342C0912050031B87D /* Products */ = {
			isa = PBXGroup;
			children = (
				4852E3332C0912050031B87D /* TestSwiftui.app */,
			);
			name = Products;
			sourceTree = "<group>";
		};
		4852E3352C0912050031B87D /* TestSwiftui */ = {
			isa = PBXGroup;
			children = (
				4852E3542C091D6F0031B87D /* SearchBarView */,
				4852E34F2C091D0A0031B87D /* AddItemView */,
				4852E34A2C091CB80031B87D /* TodoListView */,
				4852E3492C091C910031B87D /* Models */,
				4852E3462C091C5B0031B87D /* TodoRow */,
				4852E3362C0912050031B87D /* TestSwiftUIApp.swift */,
				4852E33A2C0912070031B87D /* Assets.xcassets */,
				4852E33C2C0912070031B87D /* Preview Content */,
			);
			path = TestSwiftui;
			sourceTree = "<group>";
		};
		4852E33C2C0912070031B87D /* Preview Content */ = {
			isa = PBXGroup;
			children = (
				4852E33D2C0912070031B87D /* Preview Assets.xcassets */,
			);
			path = "Preview Content";
			sourceTree = "<group>";
		};
		4852E3462C091C5B0031B87D /* TodoRow */ = {
			isa = PBXGroup;
			children = (
				4852E3472C091C710031B87D /* TodoRowView.swift */,
			);
			path = TodoRow;
			sourceTree = "<group>";
		};
		4852E3492C091C910031B87D /* Models */ = {
			isa = PBXGroup;
			children = (
				4852E3442C0912A60031B87D /* Model.swift */,
			);
			path = Models;
			sourceTree = "<group>";
		};
		4852E34A2C091CB80031B87D /* TodoListView */ = {
			isa = PBXGroup;
			children = (
				4852E34B2C091CC20031B87D /* TodoListView.swift */,
				4852E34D2C091CC90031B87D /* TodoListViewModel.swift */,
			);
			path = TodoListView;
			sourceTree = "<group>";
		};
		4852E34F2C091D0A0031B87D /* AddItemView */ = {
			isa = PBXGroup;
			children = (
				4852E3502C091D110031B87D /* AddItemView.swift */,
				4852E3522C091D160031B87D /* AddItemViewModel.swift */,
			);
			path = AddItemView;
			sourceTree = "<group>";
		};
		4852E3542C091D6F0031B87D /* SearchBarView */ = {
			isa = PBXGroup;
			children = (
				4852E3382C0912050031B87D /* SearchBarView.swift */,
			);
			path = SearchBarView;
			sourceTree = "<group>";
		};
/* End PBXGroup section */

/* Begin PBXNativeTarget section */
		4852E3322C0912050031B87D /* TestSwiftui */ = {
			isa = PBXNativeTarget;
			buildConfigurationList = 4852E3412C0912070031B87D /* Build configuration list for PBXNativeTarget "TestSwiftui" */;
			buildPhases = (
				4852E32F2C0912050031B87D /* Sources */,
				4852E3302C0912050031B87D /* Frameworks */,
				4852E3312C0912050031B87D /* Resources */,
			);
			buildRules = (
			);
			dependencies = (
			);
			name = TestSwiftui;
			productName = TestSwiftui;
			productReference = 4852E3332C0912050031B87D /* TestSwiftui.app */;
			productType = "com.apple.product-type.application";
		};
/* End PBXNativeTarget section */

/* Begin PBXProject section */
		4852E32B2C0912050031B87D /* Project object */ = {
			isa = PBXProject;
			attributes = {
				BuildIndependentTargetsInParallel = 1;
				LastSwiftUpdateCheck = 1530;
				LastUpgradeCheck = 1530;
				TargetAttributes = {
					4852E3322C0912050031B87D = {
						CreatedOnToolsVersion = 15.3;
					};
				};
			};
			buildConfigurationList = 4852E32E2C0912050031B87D /* Build configuration list for PBXProject "TestSwiftui" */;
			compatibilityVersion = "Xcode 14.0";
			developmentRegion = en;
			hasScannedForEncodings = 0;
			knownRegions = (
				en,
				Base,
			);
			mainGroup = 4852E32A2C0912050031B87D;
			productRefGroup = 4852E3342C0912050031B87D /* Products */;
			projectDirPath = "";
			projectRoot = "";
			targets = (
				4852E3322C0912050031B87D /* TestSwiftui */,
			);
		};
/* End PBXProject section */

/* Begin PBXResourcesBuildPhase section */
		4852E3312C0912050031B87D /* Resources */ = {
			isa = PBXResourcesBuildPhase;
			buildActionMask = 2147483647;
			files = (
				4852E33E2C0912070031B87D /* Preview Assets.xcassets in Resources */,
				4852E33B2C0912070031B87D /* Assets.xcassets in Resources */,
			);
			runOnlyForDeploymentPostprocessing = 0;
		};
/* End PBXResourcesBuildPhase section */

/* Begin PBXSourcesBuildPhase section */
		4852E32F2C0912050031B87D /* Sources */ = {
			isa = PBXSourcesBuildPhase;
			buildActionMask = 2147483647;
			files = (
				4852E3452C0912A60031B87D /* Model.swift in Sources */,
				4852E3482C091C710031B87D /* TodoRowView.swift in Sources */,
				4852E3512C091D110031B87D /* AddItemView.swift in Sources */,
				4852E34C2C091CC20031B87D /* TodoListView.swift in Sources */,
				4852E3392C0912050031B87D /* SearchBarView.swift in Sources */,
				4852E3532C091D160031B87D /* AddItemViewModel.swift in Sources */,
				4852E34E2C091CC90031B87D /* TodoListViewModel.swift in Sources */,
				4852E3372C0912050031B87D /* TestSwiftUIApp.swift in Sources */,
			);
			runOnlyForDeploymentPostprocessing = 0;
		};
/* End PBXSourcesBuildPhase section */

/* Begin XCBuildConfiguration section */
		4852E33F2C0912070031B87D /* Debug */ = {
			isa = XCBuildConfiguration;
			buildSettings = {
				ALWAYS_SEARCH_USER_PATHS = NO;
				ASSETCATALOG_COMPILER_GENERATE_SWIFT_ASSET_SYMBOL_EXTENSIONS = YES;
				CLANG_ANALYZER_NONNULL = YES;
				CLANG_ANALYZER_NUMBER_OBJECT_CONVERSION = YES_AGGRESSIVE;
				CLANG_CXX_LANGUAGE_STANDARD = "gnu++20";
				CLANG_ENABLE_MODULES = YES;
				CLANG_ENABLE_OBJC_ARC = YES;
				CLANG_ENABLE_OBJC_WEAK = YES;
				CLANG_WARN_BLOCK_CAPTURE_AUTORELEASING = YES;
				CLANG_WARN_BOOL_CONVERSION = YES;
				CLANG_WARN_COMMA = YES;
				CLANG_WARN_CONSTANT_CONVERSION = YES;
				CLANG_WARN_DEPRECATED_OBJC_IMPLEMENTATIONS = YES;
				CLANG_WARN_DIRECT_OBJC_ISA_USAGE = YES_ERROR;
				CLANG_WARN_DOCUMENTATION_COMMENTS = YES;
				CLANG_WARN_EMPTY_BODY = YES;
				CLANG_WARN_ENUM_CONVERSION = YES;
				CLANG_WARN_INFINITE_RECURSION = YES;
				CLANG_WARN_INT_CONVERSION = YES;
				CLANG_WARN_NON_LITERAL_NULL_CONVERSION = YES;
				CLANG_WARN_OBJC_IMPLICIT_RETAIN_SELF = YES;
				CLANG_WARN_OBJC_LITERAL_CONVERSION = YES;
				CLANG_WARN_OBJC_ROOT_CLASS = YES_ERROR;
				CLANG_WARN_QUOTED_INCLUDE_IN_FRAMEWORK_HEADER = YES;
				CLANG_WARN_RANGE_LOOP_ANALYSIS = YES;
				CLANG_WARN_STRICT_PROTOTYPES = YES;
				CLANG_WARN_SUSPICIOUS_MOVE = YES;
				CLANG_WARN_UNGUARDED_AVAILABILITY = YES_AGGRESSIVE;
				CLANG_WARN_UNREACHABLE_CODE = YES;
				CLANG_WARN__DUPLICATE_METHOD_MATCH = YES;
				COPY_PHASE_STRIP = NO;
				DEBUG_INFORMATION_FORMAT = dwarf;
				ENABLE_STRICT_OBJC_MSGSEND = YES;
				ENABLE_TESTABILITY = YES;
				ENABLE_USER_SCRIPT_SANDBOXING = YES;
				GCC_C_LANGUAGE_STANDARD = gnu17;
				GCC_DYNAMIC_NO_PIC = NO;
				GCC_NO_COMMON_BLOCKS = YES;
				GCC_OPTIMIZATION_LEVEL = 0;
				GCC_PREPROCESSOR_DEFINITIONS = (
					"DEBUG=1",
					"$(inherited)",
				);
				GCC_WARN_64_TO_32_BIT_CONVERSION = YES;
				GCC_WARN_ABOUT_RETURN_TYPE = YES_ERROR;
				GCC_WARN_UNDECLARED_SELECTOR = YES;
				GCC_WARN_UNINITIALIZED_AUTOS = YES_AGGRESSIVE;
				GCC_WARN_UNUSED_FUNCTION = YES;
				GCC_WARN_UNUSED_VARIABLE = YES;
				IPHONEOS_DEPLOYMENT_TARGET = 17.4;
				LOCALIZATION_PREFERS_STRING_CATALOGS = YES;
				MTL_ENABLE_DEBUG_INFO = INCLUDE_SOURCE;
				MTL_FAST_MATH = YES;
				ONLY_ACTIVE_ARCH = YES;
				SDKROOT = iphoneos;
				SWIFT_ACTIVE_COMPILATION_CONDITIONS = "DEBUG $(inherited)";
				SWIFT_OPTIMIZATION_LEVEL = "-Onone";
			};
			name = Debug;
		};
		4852E3402C0912070031B87D /* Release */ = {
			isa = XCBuildConfiguration;
			buildSettings = {
				ALWAYS_SEARCH_USER_PATHS = NO;
				ASSETCATALOG_COMPILER_GENERATE_SWIFT_ASSET_SYMBOL_EXTENSIONS = YES;
				CLANG_ANALYZER_NONNULL = YES;
				CLANG_ANALYZER_NUMBER_OBJECT_CONVERSION = YES_AGGRESSIVE;
				CLANG_CXX_LANGUAGE_STANDARD = "gnu++20";
				CLANG_ENABLE_MODULES = YES;
				CLANG_ENABLE_OBJC_ARC = YES;
				CLANG_ENABLE_OBJC_WEAK = YES;
				CLANG_WARN_BLOCK_CAPTURE_AUTORELEASING = YES;
				CLANG_WARN_BOOL_CONVERSION = YES;
				CLANG_WARN_COMMA = YES;
				CLANG_WARN_CONSTANT_CONVERSION = YES;
				CLANG_WARN_DEPRECATED_OBJC_IMPLEMENTATIONS = YES;
				CLANG_WARN_DIRECT_OBJC_ISA_USAGE = YES_ERROR;
				CLANG_WARN_DOCUMENTATION_COMMENTS = YES;
				CLANG_WARN_EMPTY_BODY = YES;
				CLANG_WARN_ENUM_CONVERSION = YES;
				CLANG_WARN_INFINITE_RECURSION = YES;
				CLANG_WARN_INT_CONVERSION = YES;
				CLANG_WARN_NON_LITERAL_NULL_CONVERSION = YES;
				CLANG_WARN_OBJC_IMPLICIT_RETAIN_SELF = YES;
				CLANG_WARN_OBJC_LITERAL_CONVERSION = YES;
				CLANG_WARN_OBJC_ROOT_CLASS = YES_ERROR;
				CLANG_WARN_QUOTED_INCLUDE_IN_FRAMEWORK_HEADER = YES;
				CLANG_WARN_RANGE_LOOP_ANALYSIS = YES;
				CLANG_WARN_STRICT_PROTOTYPES = YES;
				CLANG_WARN_SUSPICIOUS_MOVE = YES;
				CLANG_WARN_UNGUARDED_AVAILABILITY = YES_AGGRESSIVE;
				CLANG_WARN_UNREACHABLE_CODE = YES;
				CLANG_WARN__DUPLICATE_METHOD_MATCH = YES;
				COPY_PHASE_STRIP = NO;
				DEBUG_INFORMATION_FORMAT = "dwarf-with-dsym";
				ENABLE_NS_ASSERTIONS = NO;
				ENABLE_STRICT_OBJC_MSGSEND = YES;
				ENABLE_USER_SCRIPT_SANDBOXING = YES;
				GCC_C_LANGUAGE_STANDARD = gnu17;
				GCC_NO_COMMON_BLOCKS = YES;
				GCC_WARN_64_TO_32_BIT_CONVERSION = YES;
				GCC_WARN_ABOUT_RETURN_TYPE = YES_ERROR;
				GCC_WARN_UNDECLARED_SELECTOR = YES;
				GCC_WARN_UNINITIALIZED_AUTOS = YES_AGGRESSIVE;
				GCC_WARN_UNUSED_FUNCTION = YES;
				GCC_WARN_UNUSED_VARIABLE = YES;
				IPHONEOS_DEPLOYMENT_TARGET = 17.4;
				LOCALIZATION_PREFERS_STRING_CATALOGS = YES;
				MTL_ENABLE_DEBUG_INFO = NO;
				MTL_FAST_MATH = YES;
				SDKROOT = iphoneos;
				SWIFT_COMPILATION_MODE = wholemodule;
				VALIDATE_PRODUCT = YES;
			};
			name = Release;
		};
		4852E3422C0912070031B87D /* Debug */ = {
			isa = XCBuildConfiguration;
			buildSettings = {
				ASSETCATALOG_COMPILER_APPICON_NAME = AppIcon;
				ASSETCATALOG_COMPILER_GLOBAL_ACCENT_COLOR_NAME = AccentColor;
				CODE_SIGN_STYLE = Manual;
				CURRENT_PROJECT_VERSION = 1;
				DEVELOPMENT_ASSET_PATHS = "\"TestSwiftui/Preview Content\"";
				DEVELOPMENT_TEAM = "";
				ENABLE_PREVIEWS = YES;
				GENERATE_INFOPLIST_FILE = YES;
				INFOPLIST_KEY_UIApplicationSceneManifest_Generation = YES;
				INFOPLIST_KEY_UIApplicationSupportsIndirectInputEvents = YES;
				INFOPLIST_KEY_UILaunchScreen_Generation = YES;
				INFOPLIST_KEY_UISupportedInterfaceOrientations_iPad = "UIInterfaceOrientationPortrait UIInterfaceOrientationPortraitUpsideDown UIInterfaceOrientationLandscapeLeft UIInterfaceOrientationLandscapeRight";
				INFOPLIST_KEY_UISupportedInterfaceOrientations_iPhone = "UIInterfaceOrientationPortrait UIInterfaceOrientationLandscapeLeft UIInterfaceOrientationLandscapeRight";
				IPHONEOS_DEPLOYMENT_TARGET = 17.0;
				LD_RUNPATH_SEARCH_PATHS = (
					"$(inherited)",
					"@executable_path/Frameworks",
				);
				MARKETING_VERSION = 1.0;
				PRODUCT_BUNDLE_IDENTIFIER = com.hdwtest.TestSwiftui;
				PRODUCT_NAME = "$(TARGET_NAME)";
				PROVISIONING_PROFILE_SPECIFIER = "";
				SUPPORTED_PLATFORMS = "iphoneos iphonesimulator";
				SUPPORTS_MACCATALYST = NO;
				SUPPORTS_MAC_DESIGNED_FOR_IPHONE_IPAD = NO;
				SUPPORTS_XR_DESIGNED_FOR_IPHONE_IPAD = NO;
				SWIFT_EMIT_LOC_STRINGS = YES;
				SWIFT_VERSION = 5.0;
				TARGETED_DEVICE_FAMILY = 1;
			};
			name = Debug;
		};
		4852E3432C0912070031B87D /* Release */ = {
			isa = XCBuildConfiguration;
			buildSettings = {
				ASSETCATALOG_COMPILER_APPICON_NAME = AppIcon;
				ASSETCATALOG_COMPILER_GLOBAL_ACCENT_COLOR_NAME = AccentColor;
				CODE_SIGN_STYLE = Manual;
				CURRENT_PROJECT_VERSION = 1;
				DEVELOPMENT_ASSET_PATHS = "\"TestSwiftui/Preview Content\"";
				DEVELOPMENT_TEAM = "";
				ENABLE_PREVIEWS = YES;
				GENERATE_INFOPLIST_FILE = YES;
				INFOPLIST_KEY_UIApplicationSceneManifest_Generation = YES;
				INFOPLIST_KEY_UIApplicationSupportsIndirectInputEvents = YES;
				INFOPLIST_KEY_UILaunchScreen_Generation = YES;
				INFOPLIST_KEY_UISupportedInterfaceOrientations_iPad = "UIInterfaceOrientationPortrait UIInterfaceOrientationPortraitUpsideDown UIInterfaceOrientationLandscapeLeft UIInterfaceOrientationLandscapeRight";
				INFOPLIST_KEY_UISupportedInterfaceOrientations_iPhone = "UIInterfaceOrientationPortrait UIInterfaceOrientationLandscapeLeft UIInterfaceOrientationLandscapeRight";
				IPHONEOS_DEPLOYMENT_TARGET = 17.0;
				LD_RUNPATH_SEARCH_PATHS = (
					"$(inherited)",
					"@executable_path/Frameworks",
				);
				MARKETING_VERSION = 1.0;
				PRODUCT_BUNDLE_IDENTIFIER = com.hdwtest.TestSwiftui;
				PRODUCT_NAME = "$(TARGET_NAME)";
				PROVISIONING_PROFILE_SPECIFIER = "";
				SUPPORTED_PLATFORMS = "iphoneos iphonesimulator";
				SUPPORTS_MACCATALYST = NO;
				SUPPORTS_MAC_DESIGNED_FOR_IPHONE_IPAD = NO;
				SUPPORTS_XR_DESIGNED_FOR_IPHONE_IPAD = NO;
				SWIFT_EMIT_LOC_STRINGS = YES;
				SWIFT_VERSION = 5.0;
				TARGETED_DEVICE_FAMILY = 1;
			};
			name = Release;
		};
/* End XCBuildConfiguration section */

/* Begin XCConfigurationList section */
		4852E32E2C0912050031B87D /* Build configuration list for PBXProject "TestSwiftui" */ = {
			isa = XCConfigurationList;
			buildConfigurations = (
				4852E33F2C0912070031B87D /* Debug */,
				4852E3402C0912070031B87D /* Release */,
			);
			defaultConfigurationIsVisible = 0;
			defaultConfigurationName = Release;
		};
		4852E3412C0912070031B87D /* Build configuration list for PBXNativeTarget "TestSwiftui" */ = {
			isa = XCConfigurationList;
			buildConfigurations = (
				4852E3422C0912070031B87D /* Debug */,
				4852E3432C0912070031B87D /* Release */,
			);
			defaultConfigurationIsVisible = 0;
			defaultConfigurationName = Release;
		};
/* End XCConfigurationList section */
	};
	rootObject = 4852E32B2C0912050031B87D /* Project object */;
}
